version = 1
revision = 3
requires-python = ">=3.11"

[[package]]
name = "chafa-py"
version = "1.2.0"
source = { registry = "https://pypi.org/simple" }
sdist = { url = "https://files.pythonhosted.org/packages/25/2f/1c96933e436954df37060f94c6c86d2687c3f163024a8aaf1afd3183d479/chafa.py-1.2.0.tar.gz", hash = "sha256:db80992efea0153debd2bc9599411cc93d555df12aa58cffbaf6d002baacffde", size = 4219993, upload-time = "2024-09-20T15:12:13.635Z" }
wheels = [
    { url = "https://files.pythonhosted.org/packages/08/2e/e43250031cab23def3c4a5ba6904bbb86c27639deab447cbabe82e8e1e56/chafa.py-1.2.0-cp311-cp311-macosx_13_0_x86_64.whl", hash = "sha256:d25d50cdc5e1e854a3b3cfcb8f7011caddc8eac479cafa1b017f50ec9e2d3225", size = 951165, upload-time = "2024-09-20T15:11:29.997Z" },
    { url = "https://files.pythonhosted.org/packages/1d/91/a5ace870ded23e28c0930efb9e315bc3740ed477d3795ca947b91ddde976/chafa.py-1.2.0-cp311-cp311-macosx_14_0_arm64.whl", hash = "sha256:5a64af6bb705d29404d5d8baa0892ba55ccdc025b62636a67e56b8e475e676b9", size = 853047, upload-time = "2024-09-20T15:11:31.86Z" },
    { url = "https://files.pythonhosted.org/packages/5d/76/469507a7caa688a4d814def96061ce1ab4b1643872d2886b5d5cc87d7ca3/chafa.py-1.2.0-cp311-cp311-manylinux_2_17_aarch64.manylinux2014_aarch64.manylinux_2_28_aarch64.whl", hash = "sha256:ff03e9a774712b20ce689fb2505993f77e90a076e10dcc1e15f4837a0bf6467c", size = 475754, upload-time = "2024-09-20T15:11:33.475Z" },
    { url = "https://files.pythonhosted.org/packages/46/d5/ff3d5df016a6dde89476718ef9c9ab1f82ceb4d20f689635fba9dbde8e7d/chafa.py-1.2.0-cp311-cp311-manylinux_2_17_x86_64.manylinux2014_x86_64.manylinux_2_28_x86_64.whl", hash = "sha256:de0e482e69a40cf9d0fcb7c42223d6d235cfa0d16efcde03dc01381056216333", size = 603387, upload-time = "2024-09-20T15:11:34.71Z" },
    { url = "https://files.pythonhosted.org/packages/12/80/d84e4bcfc214271ff8bff557ddcccac49b2f551a9dd928f712e09af431a8/chafa.py-1.2.0-cp311-cp311-win_amd64.whl", hash = "sha256:cdcb6da9a14db2889dc9f71e98fe19c54e1f7806bc4be84b00b2b541c3fabb5d", size = 2177544, upload-time = "2024-09-20T15:11:36.135Z" },
    { url = "https://files.pythonhosted.org/packages/a1/4f/83d0432d05e20a0063aa8106b578c345269bd35b5d9d2610fcebcb01f16b/chafa.py-1.2.0-cp312-cp312-macosx_13_0_x86_64.whl", hash = "sha256:32069be6c7fc0f472dfd1e948be171e373b07d7b32db38ca4da1c187fcd4fd4b", size = 951165, upload-time = "2024-09-20T15:11:37.886Z" },
    { url = "https://files.pythonhosted.org/packages/1c/d1/8f75394b42a08920084daf099775cf73f193a16acafddd6b08c55d6d9813/chafa.py-1.2.0-cp312-cp312-macosx_14_0_arm64.whl", hash = "sha256:98991b143fba6c22a7fa93bf6a2bcef8c22b4949796de1e15293e31f437228ee", size = 853047, upload-time = "2024-09-20T15:11:39.525Z" },
    { url = "https://files.pythonhosted.org/packages/20/e6/fe780467111a87842e7fb9d509c4206ed79da5742f4537c9faba7369c808/chafa.py-1.2.0-cp312-cp312-manylinux_2_17_aarch64.manylinux2014_aarch64.manylinux_2_28_aarch64.whl", hash = "sha256:672695165adb66f73b33da1933585aa945a7ae22c410c9769a9f7efe515db7af", size = 475755, upload-time = "2024-09-20T15:11:41.459Z" },
    { url = "https://files.pythonhosted.org/packages/f5/dc/042953d51a08703cf7934cd2e27e0aa3ececbf3bd2abe31558e3cb94d621/chafa.py-1.2.0-cp312-cp312-manylinux_2_17_x86_64.manylinux2014_x86_64.manylinux_2_28_x86_64.whl", hash = "sha256:626c8f64311ac595dc10d530dd777371658e2698da96b198598582c79db73985", size = 603386, upload-time = "2024-09-20T15:11:42.791Z" },
    { url = "https://files.pythonhosted.org/packages/a7/82/cb88ad48949a8704092aac50e3acdbf14d13a0ca059dfb853529960e8138/chafa.py-1.2.0-cp312-cp312-win_amd64.whl", hash = "sha256:0d2bad8d024f484d09358ece4c4787c11bc4ce54dc1839ffc91259a18e824800", size = 2177543, upload-time = "2024-09-20T15:11:44.368Z" },
    { url = "https://files.pythonhosted.org/packages/1a/5a/76fdb02e4142333c61166538ba75662735a3d3c13cc3e161e54e47b33d4a/chafa.py-1.2.0-cp313-cp313-macosx_13_0_x86_64.whl", hash = "sha256:7fe33f94ae13e854650475859a49d9e332519cc0629227641639096674bd2e2e", size = 951165, upload-time = "2024-09-20T15:11:45.685Z" },
    { url = "https://files.pythonhosted.org/packages/28/93/a75259258678a96567b73cfc544ebeadbe0a397d02f62cd21a829a4d938a/chafa.py-1.2.0-cp313-cp313-macosx_14_0_arm64.whl", hash = "sha256:504056d5fdbc619339d200c8eb7d708aa748f8f0fcfba30482cbae28bd1cf1cd", size = 853048, upload-time = "2024-09-20T15:11:47.818Z" },
    { url = "https://files.pythonhosted.org/packages/18/5a/c7c152dd9dfd1de403233acdab5800f1d33f7032bd8fb4f4c92433561aa0/chafa.py-1.2.0-cp313-cp313-manylinux_2_17_aarch64.manylinux2014_aarch64.manylinux_2_28_aarch64.whl", hash = "sha256:a3fa0c59fc8ab2c6c50358c66f6414ada354d1f693507a7c89e9405029cfca8c", size = 475754, upload-time = "2024-09-20T15:11:49.317Z" },
    { url = "https://files.pythonhosted.org/packages/71/9a/52b1d90329a0d7fcb6c2132b2de4576c54fb1aebe044089b3685cc7c6052/chafa.py-1.2.0-cp313-cp313-manylinux_2_17_x86_64.manylinux2014_x86_64.manylinux_2_28_x86_64.whl", hash = "sha256:6d60edaef3db3baa43200d351311fece0788d935862af11e002b95f16e87be06", size = 603386, upload-time = "2024-09-20T15:11:51.087Z" },
    { url = "https://files.pythonhosted.org/packages/fc/65/19c96629964fe9761a8df2ef8f5038a7e8b0dc6b74c9c455accea84e4a38/chafa.py-1.2.0-cp313-cp313-win_amd64.whl", hash = "sha256:058690ce9c229fe225bd371ccf46cbb356d034b6cd242b8ef15bfc65a0a4ae70", size = 2177544, upload-time = "2024-09-20T15:11:53.13Z" },
]

[[package]]
name = "cliiify"
version = "1.1.0"
source = { editable = "." }
dependencies = [
    { name = "chafa-py" },
]

[package.dev-dependencies]
dev = [
    { name = "pytest" },
]

[package.metadata]
requires-dist = [{ name = "chafa-py", specifier = ">=1.2.0" }]

[package.metadata.requires-dev]
dev = [{ name = "pytest", specifier = ">=9.1.1" }]

[[package]]
name = "colorama"
version = "0.4.6"
source = { registry = "https://pypi.org/simple" }
sdist = { url = "https://files.pythonhosted.org/packages/d8/53/6f443c9a4a8358a93a6792e2acffb9d9d5cb0a5cfd8802644b7b1c9a02e4/colorama-0.4.6.tar.gz", hash = "sha256:08695f5cb7ed6e0531a20572697297273c47b8cae5a63ffc6d6ed5c201be6e44", size = 27697, upload-time = "2022-10-25T02:36:22.414Z" }
wheels = [
    { url = "https://files.pythonhosted.org/packages/d1/d6/3965ed04c63042e047cb6a3e6ed1a63a35087b6a609aa3a15ed8ac56c221/colorama-0.4.6-py2.py3-none-any.whl", hash = "sha256:4f1d9991f5acc0ca119f9d443620b77f9d6b33703e51011c16baf57afb285fc6", size = 25335, upload-time = "2022-10-25T02:36:20.889Z" },
]

[[package]]
name = "iniconfig"
version = "2.3.0"
source = { registry = "https://pypi.org/simple" }
sdist = { url = "https://files.pythonhosted.org/packages/72/34/14ca021ce8e5dfedc35312d08ba8bf51fdd999c576889fc2c24cb97f4f10/iniconfig-2.3.0.tar.gz", hash = "sha256:c76315c77db068650d49c5b56314774a7804df16fee4402c1f19d6d15d8c4730", size = 20503, upload-time = "2025-10-18T21:55:43.219Z" }
wheels = [
    { url = "https://files.pythonhosted.org/packages/cb/b1/3846dd7f199d53cb17f49cba7e651e9ce294d8497c8c150530ed11865bb8/iniconfig-2.3.0-py3-none-any.whl", hash = "sha256:f631c04d2c48c52b84d0d0549c99ff3859c98df65b3101406327ecc7d53fbf12", size = 7484, upload-time = "2025-10-18T21:55:41.639Z" },
]

[[package]]
name = "packaging"
version = "26.3"
source = { registry = "https://pypi.org/simple" }
sdist = { url = "https://files.pythonhosted.org/packages/7d/fa/3944b40b07da9ce895c0e6303a5ab7d53da063554f534556b134a54d6093/packaging-26.3.tar.gz", hash = "sha256:94edc256424af38762eb31306eed28beb9f0efc50a8837492c9d6fd6004aed79", size = 313412, upload-time = "2026-08-04T18:15:28.737Z" }
wheels = [
    { url = "https://files.pythonhosted.org/packages/63/34/ba1c580383c9eada3711951fef0795c80b829a078d72188184bcab9dd527/packaging-26.3-py3-none-any.whl", hash = "sha256:d7193f7c8e4e93f444fde0262bf90af30e16fa0ad0ad44cb553c87339b23cd1c", size = 129956, upload-time = "2026-08-04T18:15:27.159Z" },
]

[[package]]
name = "pluggy"
version = "1.6.0"
source = { registry = "https://pypi.org/simple" }
sdist = { url = "https://files.pythonhosted.org/packages/f9/e2/3e91f31a7d2b083fe6ef3fa267035b518369d9511ffab804f839851d2779/pluggy-1.6.0.tar.gz", hash = "sha256:7dcc130b76258d33b90f61b658791dede3486c3e6bfb003ee5c9bfb396dd22f3", size = 69412, upload-time = "2025-05-15T12:30:07.975Z" }
wheels = [
    { url = "https://files.pythonhosted.org/packages/54/20/4d324d65cc6d9205fabedc306948156824eb9f0ee1633355a8f7ec5c66bf/pluggy-1.6.0-py3-none-any.whl", hash = "sha256:e920276dd6813095e9377c0bc5566d94c932c33b27a3e3945d8389c374dd4746", size = 20538, upload-time = "2025-05-15T12:30:06.134Z" },
]

[[package]]
name = "pygments"
version = "2.21.0"
source = { registry = "https://pypi.org/simple" }
sdist = { url = "https://files.pythonhosted.org/packages/49/2e/ced460408999b33da6b31b0021b0f37d329e202d4169aeb164493778f25b/pygments-2.21.0.tar.gz", hash = "sha256:610ca751c9bc2492b38eb9a38a7fbc93edbbb2d7182edaf34e66ae493dee5c8c", size = 5005329, upload-time = "2026-08-17T08:02:48.824Z" }
wheels = [
    { url = "https://files.pythonhosted.org/packages/71/46/17f022dd3e953bf20a04a028a21ec746d942f8d2af30fa0f124fa0e6a684/pygments-2.21.0-py3-none-any.whl", hash = "sha256:2363c69b61c4a97c838da3b130dcd6468f4848992b21a82f2a63ec34377137d9", size = 1250147, upload-time = "2026-08-17T08:02:44.912Z" },
]

[[package]]
name = "pytest"
version = "9.1.1"
source = { registry = "https://pypi.org/simple" }
dependencies = [
    { name = "colorama", marker = "sys_platform == 'win32'" },
    { name = "iniconfig" },
    { name = "packaging" },
    { name = "pluggy" },
    { name = "pygments" },
]
sdist = { url = "https://files.pythonhosted.org/packages/e4/47/b9efed96c114afcfa3c9d3fe98a76a1d14c74a9e266d397cf6eb64be5e01/pytest-9.1.1.tar.gz", hash = "sha256:1088fbde8f2b49d95a549a195707afa7a76a3ce9bcadc26b6d71f0ffda5fe313", size = 1636369, upload-time = "2026-06-19T10:58:32.857Z" }
wheels = [
    { url = "https://files.pythonhosted.org/packages/24/25/1de2678b631f5a49215c6c96fff41ba892b0a34df68d6d80292b1b48aa7f/pytest-9.1.1-py3-none-any.whl", hash = "sha256:37a86b45efb9a47a61a36449063e8e18d0cab3161329fc099eb21783169c4f0c", size = 386536, upload-time = "2026-06-19T10:58:31.347Z" },
]
